
Microsoft Visual Studio Solution File, Format Version 12.00
# Visual Studio Version 16
VisualStudioVersion = 16.0.29721.120
MinimumVisualStudioVersion = 10.0.40219.1
Project("{9A19103F-16F7-4668-BE54-9A1E7A4F7556}") = "Test", "test\Test\Test.csproj", "{E3CB3374-DFB3-4CD9-8394-5E8EA1E62C7B}"
EndProject
Project("{9A19103F-16F7-4668-BE54-9A1E7A4F7556}") = "TonieCloud", "src\TonieCloud\TonieCloud.csproj", "{F3F9C5FE-C5B9-4730-800B-8FAEFF3C5427}"
EndProject
Project("{9A19103F-16F7-4668-BE54-9A1E7A4F7556}") = "TonieCreativeManager.Service", "src\TonieCreativeManager.Service\TonieCreativeManager.Service.csproj", "{DDFB083C-F02C-48D0-8EBC-A3D9553C3A3A}"
EndProject
Project("{9A19103F-16F7-4668-BE54-9A1E7A4F7556}") = "TonieCreativeManager.Ui", "src\TonieCreativeManager.Ui\TonieCreativeManager.Ui.csproj", "{F8C5D87B-9C89-4BB2-8F96-D36080CAEFFD}"
EndProject
Global
	GlobalSection(SolutionConfigurationPlatforms) = preSolution
		Debug|Any CPU = Debug|Any CPU
		Release|Any CPU = Release|Any CPU
	EndGlobalSection
	GlobalSection(ProjectConfigurationPlatforms) = postSolution
		{E3CB3374-DFB3-4CD9-8394-5E8EA1E62C7B}.Debug|Any CPU.ActiveCfg = Debug|Any CPU
		{E3CB3374-DFB3-4CD9-8394-5E8EA1E62C7B}.Debug|Any CPU.Build.0 = Debug|Any CPU
		{E3CB3374-DFB3-4CD9-8394-5E8EA1E62C7B}.Release|Any CPU.ActiveCfg = Release|Any CPU
		{E3CB3374-DFB3-4CD9-8394-5E8EA1E62C7B}.Release|Any CPU.Build.0 = Release|Any CPU
		{F3F9C5FE-C5B9-4730-800B-8FAEFF3C5427}.Debug|Any CPU.ActiveCfg = Debug|Any CPU
		{F3F9C5FE-C5B9-4730-800B-8FAEFF3C5427}.Debug|Any CPU.Build.0 = Debug|Any CPU
		{F3F9C5FE-C5B9-4730-800B-8FAEFF3C5427}.Release|Any CPU.ActiveCfg = Release|Any CPU
		{F3F9C5FE-C5B9-4730-800B-8FAEFF3C5427}.Release|Any CPU.Build.0 = Release|Any CPU
		{DDFB083C-F02C-48D0-8EBC-A3D9553C3A3A}.Debug|Any CPU.ActiveCfg = Debug|Any CPU
		{DDFB083C-F02C-48D0-8EBC-A3D9553C3A3A}.Debug|Any CPU.Build.0 = Debug|Any CPU
		{DDFB083C-F02C-48D0-8EBC-A3D9553C3A3A}.Release|Any CPU.ActiveCfg = Release|Any CPU
		{DDFB083C-F02C-48D0-8EBC-A3D9553C3A3A}.Release|Any CPU.Build.0 = Release|Any CPU
		{F8C5D87B-9C89-4BB2-8F96-D36080CAEFFD}.Debug|Any CPU.ActiveCfg = Debug|Any CPU
		{F8C5D87B-9C89-4BB2-8F96-D36080CAEFFD}.Debug|Any CPU.Build.0 = Debug|Any CPU
		{F8C5D87B-9C89-4BB2-8F96-D36080CAEFFD}.Release|Any CPU.ActiveCfg = Release|Any CPU
		{F8C5D87B-9C89-4BB2-8F96-D36080CAEFFD}.Release|Any CPU.Build.0 = Release|Any CPU
	EndGlobalSection
	GlobalSection(SolutionProperties) = preSolution
		HideSolutionNode = FALSE
	EndGlobalSection
	GlobalSection(ExtensibilityGlobals) = postSolution
		SolutionGuid = {56DE10A3-60B8-4EF2-930B-DEDF52DA4EBF}
	EndGlobalSection
EndGlobal
